
Microsoft Visual Studio Solution File, Format Version 12.00
# Visual Studio Version 16
VisualStudioVersion = 16.0.29403.142
MinimumVisualStudioVersion = 10.0.40219.1
Project("{2150E333-8FDC-42A3-9474-1A3956D46DE8}") = "Data", "Data", "{977B7838-6862-4AA2-8838-19F92627D257}"
EndProject
Project("{2150E333-8FDC-42A3-9474-1A3956D46DE8}") = "Services", "Services", "{A7B7FA77-4F3E-4BAC-8799-508BB4E6660D}"
EndProject
Project("{2150E333-8FDC-42A3-9474-1A3956D46DE8}") = "Web", "Web", "{EF1F4AFA-454D-45BE-903A-E9B651CBC3A6}"
EndProject
Project("{2150E333-8FDC-42A3-9474-1A3956D46DE8}") = "Test", "Test", "{899E162E-DA9C-408D-B0B6-EB69AED8B4D5}"
EndProject
Project("{9A19103F-16F7-4668-BE54-9A1E7A4F7556}") = "ECommerce.Web", "Web\ECommerce.Web\ECommerce.Web.csproj", "{2DBEE7C0-7C5D-4680-A292-03E67AC3505F}"
EndProject
Project("{9A19103F-16F7-4668-BE54-9A1E7A4F7556}") = "ECommerce.Services", "Services\ECommerce.Services\ECommerce.Services.csproj", "{13B6956E-C586-45F0-8E7D-D24E611D1C62}"
EndProject
Project("{9A19103F-16F7-4668-BE54-9A1E7A4F7556}") = "ECommerce.Models", "Data\ECommerce.Models\ECommerce.Models.csproj", "{8DEE81E9-4647-4814-9C4C-E87246502D33}"
EndProject
Project("{9A19103F-16F7-4668-BE54-9A1E7A4F7556}") = "ECommerce.DataAccess", "Data\ECommerce.DataAccess\ECommerce.DataAccess.csproj", "{D57E6F9C-AA84-4830-B5E2-FA76C14854E1}"
EndProject
Project("{2150E333-8FDC-42A3-9474-1A3956D46DE8}") = "Repositories", "Repositories", "{27038A8C-3868-47C9-87E9-071B4F09BA33}"
EndProject
Project("{9A19103F-16F7-4668-BE54-9A1E7A4F7556}") = "ECommerce.Repositories", "Repositories\eCommerce.Repositories\ECommerce.Repositories.csproj", "{846A677C-BAEC-4135-BFE9-BF71805B50DD}"
EndProject
Project("{2150E333-8FDC-42A3-9474-1A3956D46DE8}") = "Infrastructure", "Infrastructure", "{1ED01FB4-E3D2-414E-8FF1-765C8D7220CF}"
EndProject
Project("{9A19103F-16F7-4668-BE54-9A1E7A4F7556}") = "ECommerce.Common", "Infrastructure\ECommerce.Common\ECommerce.Common.csproj", "{6F65238D-347F-4316-859A-0103E8CE3ECD}"
EndProject
Project("{9A19103F-16F7-4668-BE54-9A1E7A4F7556}") = "ECommerce.Services.Models", "Services\Ecommerce.Services.Models\ECommerce.Services.Models.csproj", "{C4991754-E2A8-4DEC-B801-5775EAFF4111}"
EndProject
Global
	GlobalSection(SolutionConfigurationPlatforms) = preSolution
		Debug|Any CPU = Debug|Any CPU
		Release|Any CPU = Release|Any CPU
	EndGlobalSection
	GlobalSection(ProjectConfigurationPlatforms) = postSolution
		{2DBEE7C0-7C5D-4680-A292-03E67AC3505F}.Debug|Any CPU.ActiveCfg = Debug|Any CPU
		{2DBEE7C0-7C5D-4680-A292-03E67AC3505F}.Debug|Any CPU.Build.0 = Debug|Any CPU
		{2DBEE7C0-7C5D-4680-A292-03E67AC3505F}.Release|Any CPU.ActiveCfg = Release|Any CPU
		{2DBEE7C0-7C5D-4680-A292-03E67AC3505F}.Release|Any CPU.Build.0 = Release|Any CPU
		{13B6956E-C586-45F0-8E7D-D24E611D1C62}.Debug|Any CPU.ActiveCfg = Debug|Any CPU
		{13B6956E-C586-45F0-8E7D-D24E611D1C62}.Debug|Any CPU.Build.0 = Debug|Any CPU
		{13B6956E-C586-45F0-8E7D-D24E611D1C62}.Release|Any CPU.ActiveCfg = Release|Any CPU
		{13B6956E-C586-45F0-8E7D-D24E611D1C62}.Release|Any CPU.Build.0 = Release|Any CPU
		{8DEE81E9-4647-4814-9C4C-E87246502D33}.Debug|Any CPU.ActiveCfg = Debug|Any CPU
		{8DEE81E9-4647-4814-9C4C-E87246502D33}.Debug|Any CPU.Build.0 = Debug|Any CPU
		{8DEE81E9-4647-4814-9C4C-E87246502D33}.Release|Any CPU.ActiveCfg = Release|Any CPU
		{8DEE81E9-4647-4814-9C4C-E87246502D33}.Release|Any CPU.Build.0 = Release|Any CPU
		{D57E6F9C-AA84-4830-B5E2-FA76C14854E1}.Debug|Any CPU.ActiveCfg = Debug|Any CPU
		{D57E6F9C-AA84-4830-B5E2-FA76C14854E1}.Debug|Any CPU.Build.0 = Debug|Any CPU
		{D57E6F9C-AA84-4830-B5E2-FA76C14854E1}.Release|Any CPU.ActiveCfg = Release|Any CPU
		{D57E6F9C-AA84-4830-B5E2-FA76C14854E1}.Release|Any CPU.Build.0 = Release|Any CPU
		{846A677C-BAEC-4135-BFE9-BF71805B50DD}.Debug|Any CPU.ActiveCfg = Debug|Any CPU
		{846A677C-BAEC-4135-BFE9-BF71805B50DD}.Debug|Any CPU.Build.0 = Debug|Any CPU
		{846A677C-BAEC-4135-BFE9-BF71805B50DD}.Release|Any CPU.ActiveCfg = Release|Any CPU
		{846A677C-BAEC-4135-BFE9-BF71805B50DD}.Release|Any CPU.Build.0 = Release|Any CPU
		{6F65238D-347F-4316-859A-0103E8CE3ECD}.Debug|Any CPU.ActiveCfg = Debug|Any CPU
		{6F65238D-347F-4316-859A-0103E8CE3ECD}.Debug|Any CPU.Build.0 = Debug|Any CPU
		{6F65238D-347F-4316-859A-0103E8CE3ECD}.Release|Any CPU.ActiveCfg = Release|Any CPU
		{6F65238D-347F-4316-859A-0103E8CE3ECD}.Release|Any CPU.Build.0 = Release|Any CPU
		{C4991754-E2A8-4DEC-B801-5775EAFF4111}.Debug|Any CPU.ActiveCfg = Debug|Any CPU
		{C4991754-E2A8-4DEC-B801-5775EAFF4111}.Debug|Any CPU.Build.0 = Debug|Any CPU
		{C4991754-E2A8-4DEC-B801-5775EAFF4111}.Release|Any CPU.ActiveCfg = Release|Any CPU
		{C4991754-E2A8-4DEC-B801-5775EAFF4111}.Release|Any CPU.Build.0 = Release|Any CPU
	EndGlobalSection
	GlobalSection(SolutionProperties) = preSolution
		HideSolutionNode = FALSE
	EndGlobalSection
	GlobalSection(NestedProjects) = preSolution
		{2DBEE7C0-7C5D-4680-A292-03E67AC3505F} = {EF1F4AFA-454D-45BE-903A-E9B651CBC3A6}
		{13B6956E-C586-45F0-8E7D-D24E611D1C62} = {A7B7FA77-4F3E-4BAC-8799-508BB4E6660D}
		{8DEE81E9-4647-4814-9C4C-E87246502D33} = {977B7838-6862-4AA2-8838-19F92627D257}
		{D57E6F9C-AA84-4830-B5E2-FA76C14854E1} = {977B7838-6862-4AA2-8838-19F92627D257}
		{846A677C-BAEC-4135-BFE9-BF71805B50DD} = {27038A8C-3868-47C9-87E9-071B4F09BA33}
		{6F65238D-347F-4316-859A-0103E8CE3ECD} = {1ED01FB4-E3D2-414E-8FF1-765C8D7220CF}
		{C4991754-E2A8-4DEC-B801-5775EAFF4111} = {A7B7FA77-4F3E-4BAC-8799-508BB4E6660D}
	EndGlobalSection
	GlobalSection(ExtensibilityGlobals) = postSolution
		SolutionGuid = {E3089DDA-546C-446A-9FD8-5CCEEF8942A5}
	EndGlobalSection
EndGlobal
